
Microsoft Visual Studio Solution File, Format Version 12.00
# Visual Studio 14
VisualStudioVersion = 14.0.23107.0
MinimumVisualStudioVersion = 10.0.40219.1
Project("{FAE04EC0-301F-11D3-BF4B-00C04F79EFBC}") = "BookShop", "BookShop\BookShop.csproj", "{F3A3AE20-729F-48F1-B167-B0A3BA48D194}"
EndProject
Project("{FAE04EC0-301F-11D3-BF4B-00C04F79EFBC}") = "BookShopDialogBoxes", "BookShopDialogBoxes\BookShopDialogBoxes.csproj", "{8A40ABB0-E48D-4A33-A8BB-E2C767F30C99}"
EndProject
Global
	GlobalSection(SolutionConfigurationPlatforms) = preSolution
		Debug|Any CPU = Debug|Any CPU
		Release|Any CPU = Release|Any CPU
	EndGlobalSection
	GlobalSection(ProjectConfigurationPlatforms) = postSolution
		{F3A3AE20-729F-48F1-B167-B0A3BA48D194}.Debug|Any CPU.ActiveCfg = Debug|Any CPU
		{F3A3AE20-729F-48F1-B167-B0A3BA48D194}.Debug|Any CPU.Build.0 = Debug|Any CPU
		{F3A3AE20-729F-48F1-B167-B0A3BA48D194}.Release|Any CPU.ActiveCfg = Release|Any CPU
		{F3A3AE20-729F-48F1-B167-B0A3BA48D194}.Release|Any CPU.Build.0 = Release|Any CPU
		{8A40ABB0-E48D-4A33-A8BB-E2C767F30C99}.Debug|Any CPU.ActiveCfg = Debug|Any CPU
		{8A40ABB0-E48D-4A33-A8BB-E2C767F30C99}.Debug|Any CPU.Build.0 = Debug|Any CPU
		{8A40ABB0-E48D-4A33-A8BB-E2C767F30C99}.Release|Any CPU.ActiveCfg = Release|Any CPU
		{8A40ABB0-E48D-4A33-A8BB-E2C767F30C99}.Release|Any CPU.Build.0 = Release|Any CPU
	EndGlobalSection
	GlobalSection(SolutionProperties) = preSolution
		HideSolutionNode = FALSE
	EndGlobalSection
EndGlobal
